
Microsoft Visual Studio Solution File, Format Version 12.00
Project("{FAE04EC0-301F-11D3-BF4B-00C04F79EFBC}") = "Task_1", "Task_1\Task_1.csproj", "{7DB57AEC-4AC1-4EA4-BDD9-785220211B29}"
EndProject
Project("{FAE04EC0-301F-11D3-BF4B-00C04F79EFBC}") = "Task_2", "Task_2\Task_2.csproj", "{61669CB9-319A-4BC9-8685-40FBA7D542E2}"
EndProject
Project("{FAE04EC0-301F-11D3-BF4B-00C04F79EFBC}") = "Task_3", "Task_3\Task_3.csproj", "{97C22550-1FC3-4BA3-AE59-3FAA65E65C72}"
EndProject
Project("{FAE04EC0-301F-11D3-BF4B-00C04F79EFBC}") = "Task_4", "Task_4\Task_4.csproj", "{11833898-787B-4BC2-A29D-F05AAE0F55DA}"
EndProject
Global
	GlobalSection(SolutionConfigurationPlatforms) = preSolution
		Debug|Any CPU = Debug|Any CPU
		Release|Any CPU = Release|Any CPU
	EndGlobalSection
	GlobalSection(ProjectConfigurationPlatforms) = postSolution
		{7DB57AEC-4AC1-4EA4-BDD9-785220211B29}.Debug|Any CPU.ActiveCfg = Debug|Any CPU
		{7DB57AEC-4AC1-4EA4-BDD9-785220211B29}.Debug|Any CPU.Build.0 = Debug|Any CPU
		{7DB57AEC-4AC1-4EA4-BDD9-785220211B29}.Release|Any CPU.ActiveCfg = Release|Any CPU
		{7DB57AEC-4AC1-4EA4-BDD9-785220211B29}.Release|Any CPU.Build.0 = Release|Any CPU
		{61669CB9-319A-4BC9-8685-40FBA7D542E2}.Debug|Any CPU.ActiveCfg = Debug|Any CPU
		{61669CB9-319A-4BC9-8685-40FBA7D542E2}.Debug|Any CPU.Build.0 = Debug|Any CPU
		{61669CB9-319A-4BC9-8685-40FBA7D542E2}.Release|Any CPU.ActiveCfg = Release|Any CPU
		{61669CB9-319A-4BC9-8685-40FBA7D542E2}.Release|Any CPU.Build.0 = Release|Any CPU
		{97C22550-1FC3-4BA3-AE59-3FAA65E65C72}.Debug|Any CPU.ActiveCfg = Debug|Any CPU
		{97C22550-1FC3-4BA3-AE59-3FAA65E65C72}.Debug|Any CPU.Build.0 = Debug|Any CPU
		{97C22550-1FC3-4BA3-AE59-3FAA65E65C72}.Release|Any CPU.ActiveCfg = Release|Any CPU
		{97C22550-1FC3-4BA3-AE59-3FAA65E65C72}.Release|Any CPU.Build.0 = Release|Any CPU
		{11833898-787B-4BC2-A29D-F05AAE0F55DA}.Debug|Any CPU.ActiveCfg = Debug|Any CPU
		{11833898-787B-4BC2-A29D-F05AAE0F55DA}.Debug|Any CPU.Build.0 = Debug|Any CPU
		{11833898-787B-4BC2-A29D-F05AAE0F55DA}.Release|Any CPU.ActiveCfg = Release|Any CPU
		{11833898-787B-4BC2-A29D-F05AAE0F55DA}.Release|Any CPU.Build.0 = Release|Any CPU
	EndGlobalSection
EndGlobal
